
Microsoft Visual Studio Solution File, Format Version 12.00
# Visual Studio Version 17
VisualStudioVersion = 17.8.34330.188
MinimumVisualStudioVersion = 10.0.40219.1
Project("{9A19103F-16F7-4668-BE54-9A1E7A4F7556}") = "ReditPostTracker", "ReditPostTracker\ReditPostTracker.csproj", "{39660AEC-5F47-40F1-99B3-0E4AA81C81E4}"
EndProject
Project("{FAE04EC0-301F-11D3-BF4B-00C04F79EFBC}") = "RedditTestProject", "RedditTestProject\RedditTestProject.csproj", "{749B64C4-DFE7-46BC-94EC-2D9C5E737E56}"
EndProject
Global
	GlobalSection(SolutionConfigurationPlatforms) = preSolution
		Debug|Any CPU = Debug|Any CPU
		Release|Any CPU = Release|Any CPU
	EndGlobalSection
	GlobalSection(ProjectConfigurationPlatforms) = postSolution
		{39660AEC-5F47-40F1-99B3-0E4AA81C81E4}.Debug|Any CPU.ActiveCfg = Debug|Any CPU
		{39660AEC-5F47-40F1-99B3-0E4AA81C81E4}.Debug|Any CPU.Build.0 = Debug|Any CPU
		{39660AEC-5F47-40F1-99B3-0E4AA81C81E4}.Release|Any CPU.ActiveCfg = Release|Any CPU
		{39660AEC-5F47-40F1-99B3-0E4AA81C81E4}.Release|Any CPU.Build.0 = Release|Any CPU
		{749B64C4-DFE7-46BC-94EC-2D9C5E737E56}.Debug|Any CPU.ActiveCfg = Debug|Any CPU
		{749B64C4-DFE7-46BC-94EC-2D9C5E737E56}.Debug|Any CPU.Build.0 = Debug|Any CPU
		{749B64C4-DFE7-46BC-94EC-2D9C5E737E56}.Release|Any CPU.ActiveCfg = Release|Any CPU
		{749B64C4-DFE7-46BC-94EC-2D9C5E737E56}.Release|Any CPU.Build.0 = Release|Any CPU
	EndGlobalSection
	GlobalSection(SolutionProperties) = preSolution
		HideSolutionNode = FALSE
	EndGlobalSection
	GlobalSection(ExtensibilityGlobals) = postSolution
		SolutionGuid = {AE83E8E3-4542-4801-AE53-C573200A807F}
	EndGlobalSection
EndGlobal
